<?xml version="1.0" encoding="utf-8"?>
<Project ToolsVersion="4.0" xmlns="http://schemas.microsoft.com/developer/msbuild/2003">
  <ItemGroup>
    <Filter Include="win32">
      <UniqueIdentifier>{84a8ebd7-7cf0-47f6-b75e-d441df67da40}</UniqueIdentifier>
    </Filter>
    <Filter Include="resource">
      <UniqueIdentifier>{715254bc-d70b-4ec5-bf29-467dd3ace079}</UniqueIdentifier>
    </Filter>
    <Filter Include="src">
      <UniqueIdentifier>{bb6c862e-70e9-49d9-81b7-3829a6f50471}</UniqueIdentifier>
    </Filter>
    <Filter Include="Scenes">
      <UniqueIdentifier>{7db6ceb9-e270-4ec2-9b73-4b615c9870be}</UniqueIdentifier>
    </Filter>
    <Filter Include="Player">
      <UniqueIdentifier>{c31b008b-e081-42a7-916b-28b4fd9d90e9}</UniqueIdentifier>
    </Filter>
    <Filter Include="Objects">
      <UniqueIdentifier>{a3ca3868-a7da-40b4-9bd8-a8de2ee685a5}</UniqueIdentifier>
    </Filter>
    <Filter Include="lib">
      <UniqueIdentifier>{bc866baa-488f-442f-8d2e-5639bdd5ffcb}</UniqueIdentifier>
    </Filter>
  </ItemGroup>
  <ItemGroup>
    <ClCompile Include="main.cpp">
      <Filter>win32</Filter>
    </ClCompile>
    <ClCompile Include="..\Classes\AppDelegate.cpp">
      <Filter>src</Filter>
    </ClCompile>
    <ClCompile Include="..\Classes\HelloWorldScene.cpp">
      <Filter>src</Filter>
    </ClCompile>
    <ClCompile Include="..\Classes\GameScene.cpp">
      <Filter>Scenes</Filter>
    </ClCompile>
    <ClCompile Include="..\Classes\MainScene.cpp">
      <Filter>Scenes</Filter>
    </ClCompile>
    <ClCompile Include="..\Classes\LogoScene.cpp">
      <Filter>Scenes</Filter>
    </ClCompile>
    <ClCompile Include="..\Classes\Match.cpp">
      <Filter>Objects</Filter>
    </ClCompile>
    <ClCompile Include="..\Classes\Object.cpp">
      <Filter>Objects</Filter>
    </ClCompile>
    <ClCompile Include="..\Classes\Plant.cpp">
      <Filter>Objects</Filter>
    </ClCompile>
    <ClCompile Include="..\Classes\Plate.cpp">
      <Filter>Objects</Filter>
    </ClCompile>
    <ClCompile Include="..\Classes\Portal.cpp">
      <Filter>Objects</Filter>
    </ClCompile>
    <ClCompile Include="..\Classes\Stone.cpp">
      <Filter>Objects</Filter>
    </ClCompile>
    <ClCompile Include="..\Classes\Wall.cpp">
      <Filter>Objects</Filter>
    </ClCompile>
    <ClCompile Include="..\Classes\ResultScene.cpp">
      <Filter>Scenes</Filter>
    </ClCompile>
    <ClCompile Include="..\Classes\StartScene.cpp">
      <Filter>Scenes</Filter>
    </ClCompile>
    <ClCompile Include="..\Classes\Player.cpp">
      <Filter>Player</Filter>
    </ClCompile>
    <ClCompile Include="..\Classes\Spike.cpp">
      <Filter>Objects</Filter>
    </ClCompile>
    <ClCompile Include="..\Classes\SelectScene.cpp">
      <Filter>Scenes</Filter>
    </ClCompile>
    <ClCompile Include="..\Classes\Ladder.cpp">
      <Filter>Objects</Filter>
    </ClCompile>
    <ClCompile Include="..\Classes\MovingWalk.cpp">
      <Filter>Objects</Filter>
    </ClCompile>
    <ClCompile Include="..\Classes\FireTrap.cpp">
      <Filter>Objects</Filter>
    </ClCompile>
    <ClCompile Include="..\Classes\SandBag.cpp">
      <Filter>Objects</Filter>
    </ClCompile>
    <ClCompile Include="..\Classes\Singleton.cpp">
      <Filter>lib</Filter>
    </ClCompile>
    <ClCompile Include="..\Classes\GLES-Render.cpp">
      <Filter>lib</Filter>
    </ClCompile>
    <ClCompile Include="..\Classes\Help.cpp">
      <Filter>lib</Filter>
    </ClCompile>
    <ClCompile Include="..\Classes\DebugDrawBox2D.cpp">
      <Filter>lib</Filter>
    </ClCompile>
  </ItemGroup>
  <ItemGroup>
    <ClInclude Include="main.h">
      <Filter>win32</Filter>
    </ClInclude>
    <ClInclude Include="..\Classes\AppDelegate.h">
      <Filter>src</Filter>
    </ClInclude>
    <ClInclude Include="..\Classes\HelloWorldScene.h">
      <Filter>src</Filter>
    </ClInclude>
    <ClInclude Include="..\Classes\GameScene.h">
      <Filter>Scenes</Filter>
    </ClInclude>
    <ClInclude Include="..\Classes\MainScene.h">
      <Filter>Scenes</Filter>
    </ClInclude>
    <ClInclude Include="..\Classes\LogoScene.h">
      <Filter>Scenes</Filter>
    </ClInclude>
    <ClInclude Include="..\Classes\Match.h">
      <Filter>Objects</Filter>
    </ClInclude>
    <ClInclude Include="..\Classes\Object.h">
      <Filter>Objects</Filter>
    </ClInclude>
    <ClInclude Include="..\Classes\Plant.h">
      <Filter>Objects</Filter>
    </ClInclude>
    <ClInclude Include="..\Classes\Plate.h">
      <Filter>Objects</Filter>
    </ClInclude>
    <ClInclude Include="..\Classes\Portal.h">
      <Filter>Objects</Filter>
    </ClInclude>
    <ClInclude Include="..\Classes\Stone.h">
      <Filter>Objects</Filter>
    </ClInclude>
    <ClInclude Include="..\Classes\Wall.h">
      <Filter>Objects</Filter>
    </ClInclude>
    <ClInclude Include="..\Classes\ResultScene.h">
      <Filter>Scenes</Filter>
    </ClInclude>
    <ClInclude Include="..\Classes\StartScene.h">
      <Filter>Scenes</Filter>
    </ClInclude>
    <ClInclude Include="..\Classes\Player.h">
      <Filter>Player</Filter>
    </ClInclude>
    <ClInclude Include="..\Classes\Spike.h">
      <Filter>Objects</Filter>
    </ClInclude>
    <ClInclude Include="..\Classes\SelectScene.h">
      <Filter>Scenes</Filter>
    </ClInclude>
    <ClInclude Include="..\Classes\Ladder.h">
      <Filter>Objects</Filter>
    </ClInclude>
    <ClInclude Include="..\Classes\MovingWalk.h">
      <Filter>Objects</Filter>
    </ClInclude>
    <ClInclude Include="..\Classes\FireTrap.h">
      <Filter>Objects</Filter>
    </ClInclude>
    <ClInclude Include="..\Classes\SandBag.h">
      <Filter>Objects</Filter>
    </ClInclude>
    <ClInclude Include="..\Classes\Singleton.h">
      <Filter>lib</Filter>
    </ClInclude>
    <ClInclude Include="..\Classes\GLES-Render.h">
      <Filter>lib</Filter>
    </ClInclude>
    <ClInclude Include="..\Classes\Help.h">
      <Filter>lib</Filter>
    </ClInclude>
    <ClInclude Include="..\Classes\DebugDrawBox2D.h">
      <Filter>lib</Filter>
    </ClInclude>
  </ItemGroup>
  <ItemGroup>
    <ResourceCompile Include="game.rc">
      <Filter>resource</Filter>
    </ResourceCompile>
  </ItemGroup>
</Project>